version = 1
revision = 3
requires-python = ">=3.13"

[[package]]
name = "altar-server-plan-creator"
version = "0.13"
source = { virtual = "." }
dependencies = [
    { name = "babel" },
    { name = "pydantic" },
    { name = "pydantic-core" },
    { name = "pylatex" },
    { name = "python-dateutil" },
    { name = "ruff" },
    { name = "tqdm" },
]

[package.metadata]
requires-dist = [
    { name = "babel", specifier = ">=2.17.0" },
    { name = "pydantic", specifier = ">=2.11.2" },
    { name = "pydantic-core", specifier = ">=2.33.1" },
    { name = "pylatex", specifier = ">=1.4.2" },
    { name = "python-dateutil", specifier = ">=2.9.0.post0" },
    { name = "ruff", specifier = ">=0.11.4" },
    { name = "tqdm", specifier = ">=4.67.1" },
]

[[package]]
name = "annotated-types"
version = "0.7.0"
source = { registry = "https://pypi.org/simple" }
sdist = { url = "https://files.pythonhosted.org/packages/ee/67/531ea369ba64dcff5ec9c3402f9f51bf748cec26dde048a2f973a4eea7f5/annotated_types-0.7.0.tar.gz", hash = "sha256:aff07c09a53a08bc8cfccb9c85b05f1aa9a2a6f23728d790723543408344ce89", size = 16081, upload-time = "2024-05-20T21:33:25.928Z" }
wheels = [
    { url = "https://files.pythonhosted.org/packages/78/b6/6307fbef88d9b5ee7421e68d78a9f162e0da4900bc5f5793f6d3d0e34fb8/annotated_types-0.7.0-py3-none-any.whl", hash = "sha256:1f02e8b43a8fbbc3f3e0d4f0f4bfc8131bcb4eebe8849b8e5c773f3a1c582a53", size = 13643, upload-time = "2024-05-20T21:33:24.1Z" },
]

[[package]]
name = "babel"
version = "2.17.0"
source = { registry = "https://pypi.org/simple" }
sdist = { url = "https://files.pythonhosted.org/packages/7d/6b/d52e42361e1aa00709585ecc30b3f9684b3ab62530771402248b1b1d6240/babel-2.17.0.tar.gz", hash = "sha256:0c54cffb19f690cdcc52a3b50bcbf71e07a808d1c80d549f2459b9d2cf0afb9d", size = 9951852, upload-time = "2025-02-01T15:17:41.026Z" }
wheels = [
    { url = "https://files.pythonhosted.org/packages/b7/b8/3fe70c75fe32afc4bb507f75563d39bc5642255d1d94f1f23604725780bf/babel-2.17.0-py3-none-any.whl", hash = "sha256:4d0b53093fdfb4b21c92b5213dba5a1b23885afa8383709427046b21c366e5f2", size = 10182537, upload-time = "2025-02-01T15:17:37.39Z" },
]

[[package]]
name = "colorama"
version = "0.4.6"
source = { registry = "https://pypi.org/simple" }
sdist = { url = "https://files.pythonhosted.org/packages/d8/53/6f443c9a4a8358a93a6792e2acffb9d9d5cb0a5cfd8802644b7b1c9a02e4/colorama-0.4.6.tar.gz", hash = "sha256:08695f5cb7ed6e0531a20572697297273c47b8cae5a63ffc6d6ed5c201be6e44", size = 27697, upload-time = "2022-10-25T02:36:22.414Z" }
wheels = [
    { url = "https://files.pythonhosted.org/packages/d1/d6/3965ed04c63042e047cb6a3e6ed1a63a35087b6a609aa3a15ed8ac56c221/colorama-0.4.6-py2.py3-none-any.whl", hash = "sha256:4f1d9991f5acc0ca119f9d443620b77f9d6b33703e51011c16baf57afb285fc6", size = 25335, upload-time = "2022-10-25T02:36:20.889Z" },
]

[[package]]
name = "ordered-set"
version = "4.1.0"
source = { registry = "https://pypi.org/simple" }
sdist = { url = "https://files.pythonhosted.org/packages/4c/ca/bfac8bc689799bcca4157e0e0ced07e70ce125193fc2e166d2e685b7e2fe/ordered-set-4.1.0.tar.gz", hash = "sha256:694a8e44c87657c59292ede72891eb91d34131f6531463aab3009191c77364a8", size = 12826, upload-time = "2022-01-26T14:38:56.6Z" }
wheels = [
    { url = "https://files.pythonhosted.org/packages/33/55/af02708f230eb77084a299d7b08175cff006dea4f2721074b92cdb0296c0/ordered_set-4.1.0-py3-none-any.whl", hash = "sha256:046e1132c71fcf3330438a539928932caf51ddbc582496833e23de611de14562", size = 7634, upload-time = "2022-01-26T14:38:48.677Z" },
]

[[package]]
name = "pydantic"
version = "2.11.4"
source = { registry = "https://pypi.org/simple" }
dependencies = [
    { name = "annotated-types" },
    { name = "pydantic-core" },
    { name = "typing-extensions" },
    { name = "typing-inspection" },
]
sdist = { url = "https://files.pythonhosted.org/packages/77/ab/5250d56ad03884ab5efd07f734203943c8a8ab40d551e208af81d0257bf2/pydantic-2.11.4.tar.gz", hash = "sha256:32738d19d63a226a52eed76645a98ee07c1f410ee41d93b4afbfa85ed8111c2d", size = 786540, upload-time = "2025-04-29T20:38:55.02Z" }
wheels = [
    { url = "https://files.pythonhosted.org/packages/e7/12/46b65f3534d099349e38ef6ec98b1a5a81f42536d17e0ba382c28c67ba67/pydantic-2.11.4-py3-none-any.whl", hash = "sha256:d9615eaa9ac5a063471da949c8fc16376a84afb5024688b3ff885693506764eb", size = 443900, upload-time = "2025-04-29T20:38:52.724Z" },
]

[[package]]
name = "pydantic-core"
version = "2.33.2"
source = { registry = "https://pypi.org/simple" }
dependencies = [
    { name = "typing-extensions" },
]
sdist = { url = "https://files.pythonhosted.org/packages/ad/88/5f2260bdfae97aabf98f1778d43f69574390ad787afb646292a638c923d4/pydantic_core-2.33.2.tar.gz", hash = "sha256:7cb8bc3605c29176e1b105350d2e6474142d7c1bd1d9327c4a9bdb46bf827acc", size = 435195, upload-time = "2025-04-23T18:33:52.104Z" }
wheels = [
    { url = "https://files.pythonhosted.org/packages/46/8c/99040727b41f56616573a28771b1bfa08a3d3fe74d3d513f01251f79f172/pydantic_core-2.33.2-cp313-cp313-macosx_10_12_x86_64.whl", hash = "sha256:1082dd3e2d7109ad8b7da48e1d4710c8d06c253cbc4a27c1cff4fbcaa97a9e3f", size = 2015688, upload-time = "2025-04-23T18:31:53.175Z" },
    { url = "https://files.pythonhosted.org/packages/3a/cc/5999d1eb705a6cefc31f0b4a90e9f7fc400539b1a1030529700cc1b51838/pydantic_core-2.33.2-cp313-cp313-macosx_11_0_arm64.whl", hash = "sha256:f517ca031dfc037a9c07e748cefd8d96235088b83b4f4ba8939105d20fa1dcd6", size = 1844808, upload-time = "2025-04-23T18:31:54.79Z" },
    { url = "https://files.pythonhosted.org/packages/6f/5e/a0a7b8885c98889a18b6e376f344da1ef323d270b44edf8174d6bce4d622/pydantic_core-2.33.2-cp313-cp313-manylinux_2_17_aarch64.manylinux2014_aarch64.whl", hash = "sha256:0a9f2c9dd19656823cb8250b0724ee9c60a82f3cdf68a080979d13092a3b0fef", size = 1885580, upload-time = "2025-04-23T18:31:57.393Z" },
    { url = "https://files.pythonhosted.org/packages/3b/2a/953581f343c7d11a304581156618c3f592435523dd9d79865903272c256a/pydantic_core-2.33.2-cp313-cp313-manylinux_2_17_armv7l.manylinux2014_armv7l.whl", hash = "sha256:2b0a451c263b01acebe51895bfb0e1cc842a5c666efe06cdf13846c7418caa9a", size = 1973859, upload-time = "2025-04-23T18:31:59.065Z" },
    { url = "https://files.pythonhosted.org/packages/e6/55/f1a813904771c03a3f97f676c62cca0c0a4138654107c1b61f19c644868b/pydantic_core-2.33.2-cp313-cp313-manylinux_2_17_ppc64le.manylinux2014_ppc64le.whl", hash = "sha256:1ea40a64d23faa25e62a70ad163571c0b342b8bf66d5fa612ac0dec4f069d916", size = 2120810, upload-time = "2025-04-23T18:32:00.78Z" },
    { url = "https://files.pythonhosted.org/packages/aa/c3/053389835a996e18853ba107a63caae0b9deb4a276c6b472931ea9ae6e48/pydantic_core-2.33.2-cp313-cp313-manylinux_2_17_s390x.manylinux2014_s390x.whl", hash = "sha256:0fb2d542b4d66f9470e8065c5469ec676978d625a8b7a363f07d9a501a9cb36a", size = 2676498, upload-time = "2025-04-23T18:32:02.418Z" },
    { url = "https://files.pythonhosted.org/packages/eb/3c/f4abd740877a35abade05e437245b192f9d0ffb48bbbbd708df33d3cda37/pydantic_core-2.33.2-cp313-cp313-manylinux_2_17_x86_64.manylinux2014_x86_64.whl", hash = "sha256:9fdac5d6ffa1b5a83bca06ffe7583f5576555e6c8b3a91fbd25ea7780f825f7d", size = 2000611, upload-time = "2025-04-23T18:32:04.152Z" },
    { url = "https://files.pythonhosted.org/packages/59/a7/63ef2fed1837d1121a894d0ce88439fe3e3b3e48c7543b2a4479eb99c2bd/pydantic_core-2.33.2-cp313-cp313-manylinux_2_5_i686.manylinux1_i686.whl", hash = "sha256:04a1a413977ab517154eebb2d326da71638271477d6ad87a769102f7c2488c56", size = 2107924, upload-time = "2025-04-23T18:32:06.129Z" },
    { url = "https://files.pythonhosted.org/packages/04/8f/2551964ef045669801675f1cfc3b0d74147f4901c3ffa42be2ddb1f0efc4/pydantic_core-2.33.2-cp313-cp313-musllinux_1_1_aarch64.whl", hash = "sha256:c8e7af2f4e0194c22b5b37205bfb293d166a7344a5b0d0eaccebc376546d77d5", size = 2063196, upload-time = "2025-04-23T18:32:08.178Z" },
    { url = "https://files.pythonhosted.org/packages/26/bd/d9602777e77fc6dbb0c7db9ad356e9a985825547dce5ad1d30ee04903918/pydantic_core-2.33.2-cp313-cp313-musllinux_1_1_armv7l.whl", hash = "sha256:5c92edd15cd58b3c2d34873597a1e20f13094f59cf88068adb18947df5455b4e", size = 2236389, upload-time = "2025-04-23T18:32:10.242Z" },
    { url = "https://files.pythonhosted.org/packages/42/db/0e950daa7e2230423ab342ae918a794964b053bec24ba8af013fc7c94846/pydantic_core-2.33.2-cp313-cp313-musllinux_1_1_x86_64.whl", hash = "sha256:65132b7b4a1c0beded5e057324b7e16e10910c106d43675d9bd87d4f38dde162", size = 2239223, upload-time = "2025-04-23T18:32:12.382Z" },
    { url = "https://files.pythonhosted.org/packages/58/4d/4f937099c545a8a17eb52cb67fe0447fd9a373b348ccfa9a87f141eeb00f/pydantic_core-2.33.2-cp313-cp313-win32.whl", hash = "sha256:52fb90784e0a242bb96ec53f42196a17278855b0f31ac7c3cc6f5c1ec4811849", size = 1900473, upload-time = "2025-04-23T18:32:14.034Z" },
    { url = "https://files.pythonhosted.org/packages/a0/75/4a0a9bac998d78d889def5e4ef2b065acba8cae8c93696906c3a91f310ca/pydantic_core-2.33.2-cp313-cp313-win_amd64.whl", hash = "sha256:c083a3bdd5a93dfe480f1125926afcdbf2917ae714bdb80b36d34318b2bec5d9", size = 1955269, upload-time = "2025-04-23T18:32:15.783Z" },
    { url = "https://files.pythonhosted.org/packages/f9/86/1beda0576969592f1497b4ce8e7bc8cbdf614c352426271b1b10d5f0aa64/pydantic_core-2.33.2-cp313-cp313-win_arm64.whl", hash = "sha256:e80b087132752f6b3d714f041ccf74403799d3b23a72722ea2e6ba2e892555b9", size = 1893921, upload-time = "2025-04-23T18:32:18.473Z" },
    { url = "https://files.pythonhosted.org/packages/a4/7d/e09391c2eebeab681df2b74bfe6c43422fffede8dc74187b2b0bf6fd7571/pydantic_core-2.33.2-cp313-cp313t-macosx_11_0_arm64.whl", hash = "sha256:61c18fba8e5e9db3ab908620af374db0ac1baa69f0f32df4f61ae23f15e586ac", size = 1806162, upload-time = "2025-04-23T18:32:20.188Z" },
    { url = "https://files.pythonhosted.org/packages/f1/3d/847b6b1fed9f8ed3bb95a9ad04fbd0b212e832d4f0f50ff4d9ee5a9f15cf/pydantic_core-2.33.2-cp313-cp313t-manylinux_2_17_x86_64.manylinux2014_x86_64.whl", hash = "sha256:95237e53bb015f67b63c91af7518a62a8660376a6a0db19b89acc77a4d6199f5", size = 1981560, upload-time = "2025-04-23T18:32:22.354Z" },
    { url = "https://files.pythonhosted.org/packages/6f/9a/e73262f6c6656262b5fdd723ad90f518f579b7bc8622e43a942eec53c938/pydantic_core-2.33.2-cp313-cp313t-win_amd64.whl", hash = "sha256:c2fc0a768ef76c15ab9238afa6da7f69895bb5d1ee83aeea2e3509af4472d0b9", size = 1935777, upload-time = "2025-04-23T18:32:25.088Z" },
]

[[package]]
name = "pylatex"
version = "1.4.2"
source = { registry = "https://pypi.org/simple" }
dependencies = [
    { name = "ordered-set" },
]
sdist = { url = "https://files.pythonhosted.org/packages/6d/a8/10cf6b955b5fa19438790d9949867e04c785ae845e631c5ef6db444401d1/PyLaTeX-1.4.2.tar.gz", hash = "sha256:bb7b21bec57ecdba3f6f44c856ebebdf6549fd6e80661bd44fd5094236729242", size = 59710, upload-time = "2023-10-19T16:22:54.096Z" }

[[package]]
name = "python-dateutil"
version = "2.9.0.post0"
source = { registry = "https://pypi.org/simple" }
dependencies = [
    { name = "six" },
]
sdist = { url = "https://files.pythonhosted.org/packages/66/c0/0c8b6ad9f17a802ee498c46e004a0eb49bc148f2fd230864601a86dcf6db/python-dateutil-2.9.0.post0.tar.gz", hash = "sha256:37dd54208da7e1cd875388217d5e00ebd4179249f90fb72437e91a35459a0ad3", size = 342432, upload-time = "2024-03-01T18:36:20.211Z" }
wheels = [
    { url = "https://files.pythonhosted.org/packages/ec/57/56b9bcc3c9c6a792fcbaf139543cee77261f3651ca9da0c93f5c1221264b/python_dateutil-2.9.0.post0-py2.py3-none-any.whl", hash = "sha256:a8b2bc7bffae282281c8140a97d3aa9c14da0b136dfe83f850eea9a5f7470427", size = 229892, upload-time = "2024-03-01T18:36:18.57Z" },
]

[[package]]
name = "ruff"
version = "0.12.12"
source = { registry = "https://pypi.org/simple" }
sdist = { url = "https://files.pythonhosted.org/packages/a8/f0/e0965dd709b8cabe6356811c0ee8c096806bb57d20b5019eb4e48a117410/ruff-0.12.12.tar.gz", hash = "sha256:b86cd3415dbe31b3b46a71c598f4c4b2f550346d1ccf6326b347cc0c8fd063d6", size = 5359915, upload-time = "2025-09-04T16:50:18.273Z" }
wheels = [
    { url = "https://files.pythonhosted.org/packages/09/79/8d3d687224d88367b51c7974cec1040c4b015772bfbeffac95face14c04a/ruff-0.12.12-py3-none-linux_armv6l.whl", hash = "sha256:de1c4b916d98ab289818e55ce481e2cacfaad7710b01d1f990c497edf217dafc", size = 12116602, upload-time = "2025-09-04T16:49:18.892Z" },
    { url = "https://files.pythonhosted.org/packages/c3/c3/6e599657fe192462f94861a09aae935b869aea8a1da07f47d6eae471397c/ruff-0.12.12-py3-none-macosx_10_12_x86_64.whl", hash = "sha256:7acd6045e87fac75a0b0cdedacf9ab3e1ad9d929d149785903cff9bb69ad9727", size = 12868393, upload-time = "2025-09-04T16:49:23.043Z" },
    { url = "https://files.pythonhosted.org/packages/e8/d2/9e3e40d399abc95336b1843f52fc0daaceb672d0e3c9290a28ff1a96f79d/ruff-0.12.12-py3-none-macosx_11_0_arm64.whl", hash = "sha256:abf4073688d7d6da16611f2f126be86523a8ec4343d15d276c614bda8ec44edb", size = 12036967, upload-time = "2025-09-04T16:49:26.04Z" },
    { url = "https://files.pythonhosted.org/packages/e9/03/6816b2ed08836be272e87107d905f0908be5b4a40c14bfc91043e76631b8/ruff-0.12.12-py3-none-manylinux_2_17_aarch64.manylinux2014_aarch64.whl", hash = "sha256:968e77094b1d7a576992ac078557d1439df678a34c6fe02fd979f973af167577", size = 12276038, upload-time = "2025-09-04T16:49:29.056Z" },
    { url = "https://files.pythonhosted.org/packages/9f/d5/707b92a61310edf358a389477eabd8af68f375c0ef858194be97ca5b6069/ruff-0.12.12-py3-none-manylinux_2_17_armv7l.manylinux2014_armv7l.whl", hash = "sha256:42a67d16e5b1ffc6d21c5f67851e0e769517fb57a8ebad1d0781b30888aa704e", size = 11901110, upload-time = "2025-09-04T16:49:32.07Z" },
    { url = "https://files.pythonhosted.org/packages/9d/3d/f8b1038f4b9822e26ec3d5b49cf2bc313e3c1564cceb4c1a42820bf74853/ruff-0.12.12-py3-none-manylinux_2_17_i686.manylinux2014_i686.whl", hash = "sha256:b216ec0a0674e4b1214dcc998a5088e54eaf39417327b19ffefba1c4a1e4971e", size = 13668352, upload-time = "2025-09-04T16:49:35.148Z" },
    { url = "https://files.pythonhosted.org/packages/98/0e/91421368ae6c4f3765dd41a150f760c5f725516028a6be30e58255e3c668/ruff-0.12.12-py3-none-manylinux_2_17_ppc64.manylinux2014_ppc64.whl", hash = "sha256:59f909c0fdd8f1dcdbfed0b9569b8bf428cf144bec87d9de298dcd4723f5bee8", size = 14638365, upload-time = "2025-09-04T16:49:38.892Z" },
    { url = "https://files.pythonhosted.org/packages/74/5d/88f3f06a142f58ecc8ecb0c2fe0b82343e2a2b04dcd098809f717cf74b6c/ruff-0.12.12-py3-none-manylinux_2_17_ppc64le.manylinux2014_ppc64le.whl", hash = "sha256:9ac93d87047e765336f0c18eacad51dad0c1c33c9df7484c40f98e1d773876f5", size = 14060812, upload-time = "2025-09-04T16:49:42.732Z" },
    { url = "https://files.pythonhosted.org/packages/13/fc/8962e7ddd2e81863d5c92400820f650b86f97ff919c59836fbc4c1a6d84c/ruff-0.12.12-py3-none-manylinux_2_17_s390x.manylinux2014_s390x.whl", hash = "sha256:01543c137fd3650d322922e8b14cc133b8ea734617c4891c5a9fccf4bfc9aa92", size = 13050208, upload-time = "2025-09-04T16:49:46.434Z" },
    { url = "https://files.pythonhosted.org/packages/53/06/8deb52d48a9a624fd37390555d9589e719eac568c020b27e96eed671f25f/ruff-0.12.12-py3-none-manylinux_2_17_x86_64.manylinux2014_x86_64.whl", hash = "sha256:2afc2fa864197634e549d87fb1e7b6feb01df0a80fd510d6489e1ce8c0b1cc45", size = 13311444, upload-time = "2025-09-04T16:49:49.931Z" },
    { url = "https://files.pythonhosted.org/packages/2a/81/de5a29af7eb8f341f8140867ffb93f82e4fde7256dadee79016ac87c2716/ruff-0.12.12-py3-none-manylinux_2_31_riscv64.whl", hash = "sha256:0c0945246f5ad776cb8925e36af2438e66188d2b57d9cf2eed2c382c58b371e5", size = 13279474, upload-time = "2025-09-04T16:49:53.465Z" },
    { url = "https://files.pythonhosted.org/packages/7f/14/d9577fdeaf791737ada1b4f5c6b59c21c3326f3f683229096cccd7674e0c/ruff-0.12.12-py3-none-musllinux_1_2_aarch64.whl", hash = "sha256:a0fbafe8c58e37aae28b84a80ba1817f2ea552e9450156018a478bf1fa80f4e4", size = 12070204, upload-time = "2025-09-04T16:49:56.882Z" },
    { url = "https://files.pythonhosted.org/packages/77/04/a910078284b47fad54506dc0af13839c418ff704e341c176f64e1127e461/ruff-0.12.12-py3-none-musllinux_1_2_armv7l.whl", hash = "sha256:b9c456fb2fc8e1282affa932c9e40f5ec31ec9cbb66751a316bd131273b57c23", size = 11880347, upload-time = "2025-09-04T16:49:59.729Z" },
    { url = "https://files.pythonhosted.org/packages/df/58/30185fcb0e89f05e7ea82e5817b47798f7fa7179863f9d9ba6fd4fe1b098/ruff-0.12.12-py3-none-musllinux_1_2_i686.whl", hash = "sha256:5f12856123b0ad0147d90b3961f5c90e7427f9acd4b40050705499c98983f489", size = 12891844, upload-time = "2025-09-04T16:50:02.591Z" },
    { url = "https://files.pythonhosted.org/packages/21/9c/28a8dacce4855e6703dcb8cdf6c1705d0b23dd01d60150786cd55aa93b16/ruff-0.12.12-py3-none-musllinux_1_2_x86_64.whl", hash = "sha256:26a1b5a2bf7dd2c47e3b46d077cd9c0fc3b93e6c6cc9ed750bd312ae9dc302ee", size = 13360687, upload-time = "2025-09-04T16:50:05.8Z" },
    { url = "https://files.pythonhosted.org/packages/c8/fa/05b6428a008e60f79546c943e54068316f32ec8ab5c4f73e4563934fbdc7/ruff-0.12.12-py3-none-win32.whl", hash = "sha256:173be2bfc142af07a01e3a759aba6f7791aa47acf3604f610b1c36db888df7b1", size = 12052870, upload-time = "2025-09-04T16:50:09.121Z" },
    { url = "https://files.pythonhosted.org/packages/85/60/d1e335417804df452589271818749d061b22772b87efda88354cf35cdb7a/ruff-0.12.12-py3-none-win_amd64.whl", hash = "sha256:e99620bf01884e5f38611934c09dd194eb665b0109104acae3ba6102b600fd0d", size = 13178016, upload-time = "2025-09-04T16:50:12.559Z" },
    { url = "https://files.pythonhosted.org/packages/28/7e/61c42657f6e4614a4258f1c3b0c5b93adc4d1f8575f5229d1906b483099b/ruff-0.12.12-py3-none-win_arm64.whl", hash = "sha256:2a8199cab4ce4d72d158319b63370abf60991495fb733db96cd923a34c52d093", size = 12256762, upload-time = "2025-09-04T16:50:15.737Z" },
]

[[package]]
name = "six"
version = "1.17.0"
source = { registry = "https://pypi.org/simple" }
sdist = { url = "https://files.pythonhosted.org/packages/94/e7/b2c673351809dca68a0e064b6af791aa332cf192da575fd474ed7d6f16a2/six-1.17.0.tar.gz", hash = "sha256:ff70335d468e7eb6ec65b95b99d3a2836546063f63acc5171de367e834932a81", size = 34031, upload-time = "2024-12-04T17:35:28.174Z" }
wheels = [
    { url = "https://files.pythonhosted.org/packages/b7/ce/149a00dd41f10bc29e5921b496af8b574d8413afcd5e30dfa0ed46c2cc5e/six-1.17.0-py2.py3-none-any.whl", hash = "sha256:4721f391ed90541fddacab5acf947aa0d3dc7d27b2e1e8eda2be8970586c3274", size = 11050, upload-time = "2024-12-04T17:35:26.475Z" },
]

[[package]]
name = "tqdm"
version = "4.67.1"
source = { registry = "https://pypi.org/simple" }
dependencies = [
    { name = "colorama", marker = "sys_platform == 'win32'" },
]
sdist = { url = "https://files.pythonhosted.org/packages/a8/4b/29b4ef32e036bb34e4ab51796dd745cdba7ed47ad142a9f4a1eb8e0c744d/tqdm-4.67.1.tar.gz", hash = "sha256:f8aef9c52c08c13a65f30ea34f4e5aac3fd1a34959879d7e59e63027286627f2", size = 169737, upload-time = "2024-11-24T20:12:22.481Z" }
wheels = [
    { url = "https://files.pythonhosted.org/packages/d0/30/dc54f88dd4a2b5dc8a0279bdd7270e735851848b762aeb1c1184ed1f6b14/tqdm-4.67.1-py3-none-any.whl", hash = "sha256:26445eca388f82e72884e0d580d5464cd801a3ea01e63e5601bdff9ba6a48de2", size = 78540, upload-time = "2024-11-24T20:12:19.698Z" },
]

[[package]]
name = "typing-extensions"
version = "4.13.2"
source = { registry = "https://pypi.org/simple" }
sdist = { url = "https://files.pythonhosted.org/packages/f6/37/23083fcd6e35492953e8d2aaaa68b860eb422b34627b13f2ce3eb6106061/typing_extensions-4.13.2.tar.gz", hash = "sha256:e6c81219bd689f51865d9e372991c540bda33a0379d5573cddb9a3a23f7caaef", size = 106967, upload-time = "2025-04-10T14:19:05.416Z" }
wheels = [
    { url = "https://files.pythonhosted.org/packages/8b/54/b1ae86c0973cc6f0210b53d508ca3641fb6d0c56823f288d108bc7ab3cc8/typing_extensions-4.13.2-py3-none-any.whl", hash = "sha256:a439e7c04b49fec3e5d3e2beaa21755cadbbdc391694e28ccdd36ca4a1408f8c", size = 45806, upload-time = "2025-04-10T14:19:03.967Z" },
]

[[package]]
name = "typing-inspection"
version = "0.4.0"
source = { registry = "https://pypi.org/simple" }
dependencies = [
    { name = "typing-extensions" },
]
sdist = { url = "https://files.pythonhosted.org/packages/82/5c/e6082df02e215b846b4b8c0b887a64d7d08ffaba30605502639d44c06b82/typing_inspection-0.4.0.tar.gz", hash = "sha256:9765c87de36671694a67904bf2c96e395be9c6439bb6c87b5142569dcdd65122", size = 76222, upload-time = "2025-02-25T17:27:59.638Z" }
wheels = [
    { url = "https://files.pythonhosted.org/packages/31/08/aa4fdfb71f7de5176385bd9e90852eaf6b5d622735020ad600f2bab54385/typing_inspection-0.4.0-py3-none-any.whl", hash = "sha256:50e72559fcd2a6367a19f7a7e610e6afcb9fac940c650290eed893d61386832f", size = 14125, upload-time = "2025-02-25T17:27:57.754Z" },
]
